// !$*UTF8*$!
{
	archiveVersion = 1;
	classes = {
	};
	objectVersion = 55;
	objects = {

/* Begin PBXFileReference section */
		36064A6228791726006F9AB9 /* README.md */ = {isa = PBXFileReference; lastKnownFileType = net.daringfireball.markdown; path = README.md; sourceTree = "<group>"; };
		36064A6328791726006F9AB9 /* package.json */ = {isa = PBXFileReference; lastKnownFileType = text.json; path = package.json; sourceTree = "<group>"; };
		36064A6428791726006F9AB9 /* index.js */ = {isa = PBXFileReference; lastKnownFileType = sourcecode.javascript; path = index.js; sourceTree = "<group>"; };
		36064A6528791726006F9AB9 /* app.json */ = {isa = PBXFileReference; lastKnownFileType = text.json; path = app.json; sourceTree = "<group>"; };
/* End PBXFileReference section */

/* Begin PBXGroup section */
		36064A5B287916EA006F9AB9 = {
			isa = PBXGroup;
			children = (
				36064A6528791726006F9AB9 /* app.json */,
				36064A6428791726006F9AB9 /* index.js */,
				36064A6328791726006F9AB9 /* package.json */,
				36064A6228791726006F9AB9 /* README.md */,
			);
			sourceTree = "<group>";
		};
/* End PBXGroup section */

/* Begin PBXProject section */
		36064A5C287916EA006F9AB9 /* Project object */ = {
			isa = PBXProject;
			attributes = {
				BuildIndependentTargetsInParallel = 1;
				LastUpgradeCheck = 1340;
			};
			buildConfigurationList = 36064A5F287916EA006F9AB9 /* Build configuration list for PBXProject "in-app-payments-server-w1st-1" */;
			compatibilityVersion = "Xcode 13.0";
			developmentRegion = en;
			hasScannedForEncodings = 0;
			knownRegions = (
				en,
				Base,
			);
			mainGroup = 36064A5B287916EA006F9AB9;
			projectDirPath = "";
			projectRoot = "";
			targets = (
			);
		};
/* End PBXProject section */

/* Begin XCBuildConfiguration section */
		36064A60287916EA006F9AB9 /* Debug */ = {
			isa = XCBuildConfiguration;
			buildSettings = {
			};
			name = Debug;
		};
		36064A61287916EA006F9AB9 /* Release */ = {
			isa = XCBuildConfiguration;
			buildSettings = {
			};
			name = Release;
		};
/* End XCBuildConfiguration section */

/* Begin XCConfigurationList section */
		36064A5F287916EA006F9AB9 /* Build configuration list for PBXProject "in-app-payments-server-w1st-1" */ = {
			isa = XCConfigurationList;
			buildConfigurations = (
				36064A60287916EA006F9AB9 /* Debug */,
				36064A61287916EA006F9AB9 /* Release */,
			);
			defaultConfigurationIsVisible = 0;
			defaultConfigurationName = Release;
		};
/* End XCConfigurationList section */
	};
	rootObject = 36064A5C287916EA006F9AB9 /* Project object */;
}
